
Microsoft Visual Studio Solution File, Format Version 12.00
# Visual Studio Version 17
VisualStudioVersion = 17.14.36408.4 d17.14
MinimumVisualStudioVersion = 10.0.40219.1
Project("{FAE04EC0-301F-11D3-BF4B-00C04F79EFBC}") = "12.7", "12.7.csproj", "{901807F1-A0F0-4220-B89E-D3BEF66F0643}"
EndProject
Global
	GlobalSection(SolutionConfigurationPlatforms) = preSolution
		Debug|Any CPU = Debug|Any CPU
		Release|Any CPU = Release|Any CPU
	EndGlobalSection
	GlobalSection(ProjectConfigurationPlatforms) = postSolution
		{901807F1-A0F0-4220-B89E-D3BEF66F0643}.Debug|Any CPU.ActiveCfg = Debug|Any CPU
		{901807F1-A0F0-4220-B89E-D3BEF66F0643}.Debug|Any CPU.Build.0 = Debug|Any CPU
		{901807F1-A0F0-4220-B89E-D3BEF66F0643}.Release|Any CPU.ActiveCfg = Release|Any CPU
		{901807F1-A0F0-4220-B89E-D3BEF66F0643}.Release|Any CPU.Build.0 = Release|Any CPU
	EndGlobalSection
	GlobalSection(SolutionProperties) = preSolution
		HideSolutionNode = FALSE
	EndGlobalSection
	GlobalSection(ExtensibilityGlobals) = postSolution
		SolutionGuid = {B494D5B7-19B5-4742-B3B5-CC421298D7DF}
	EndGlobalSection
EndGlobal
