
Microsoft Visual Studio Solution File, Format Version 12.00
# Visual Studio Version 17
VisualStudioVersion = 17.14.36310.24 d17.14
MinimumVisualStudioVersion = 10.0.40219.1
Project("{FAE04EC0-301F-11D3-BF4B-00C04F79EFBC}") = "3.5.2", "3.5.2.csproj", "{C431E8B4-F328-452A-96AF-87CB3FC0A1AE}"
EndProject
Global
	GlobalSection(SolutionConfigurationPlatforms) = preSolution
		Debug|Any CPU = Debug|Any CPU
		Release|Any CPU = Release|Any CPU
	EndGlobalSection
	GlobalSection(ProjectConfigurationPlatforms) = postSolution
		{C431E8B4-F328-452A-96AF-87CB3FC0A1AE}.Debug|Any CPU.ActiveCfg = Debug|Any CPU
		{C431E8B4-F328-452A-96AF-87CB3FC0A1AE}.Debug|Any CPU.Build.0 = Debug|Any CPU
		{C431E8B4-F328-452A-96AF-87CB3FC0A1AE}.Release|Any CPU.ActiveCfg = Release|Any CPU
		{C431E8B4-F328-452A-96AF-87CB3FC0A1AE}.Release|Any CPU.Build.0 = Release|Any CPU
	EndGlobalSection
	GlobalSection(SolutionProperties) = preSolution
		HideSolutionNode = FALSE
	EndGlobalSection
	GlobalSection(ExtensibilityGlobals) = postSolution
		SolutionGuid = {620BAFF5-8726-43C6-9BCB-B1DD19AFC3B4}
	EndGlobalSection
EndGlobal
